{
  "name": "@optimizely/foundation",
  "version": "0.0.1",
  "lockfileVersion": 2,
  "requires": true,
  "packages": {
    "": {
      "name": "@optimizely/foundation",
      "version": "0.0.1",
      "license": "Apache-2.0",
      "devDependencies": {
        "@optimizely/cms": "file:../cms",
        "@optimizely/commerce": "file:../commerce"
      }
    },
    "../cms": {
      "name": "@optimizely/cms",
      "version": "0.0.1",
      "dev": true,
      "license": "Apache-2.0",
      "dependencies": {
        "node-fetch": "^2.6.6",
        "oidc-client-ts": "^2.0.0-rc.1",
        "react": "^17.0.2"
      },
      "devDependencies": {
        "@types/node-fetch": "^2.5.12",
        "@types/react": "^17.0.36",
        "tslib": "^2.3.1"
      }
    },
    "../commerce": {
      "version": "0.0.1",
      "dev": true,
      "license": "Apache-2.0",
      "dependencies": {
        "@optimizely/cms": "file:../cms"
      }
    },
    "node_modules/@optimizely/cms": {
      "resolved": "../cms",
      "link": true
    },
    "node_modules/@optimizely/commerce": {
      "resolved": "../commerce",
      "link": true
    }
  },
  "dependencies": {
    "@optimizely/cms": {
      "version": "file:../cms",
      "requires": {
        "@types/node-fetch": "^2.5.12",
        "@types/react": "^17.0.36",
        "node-fetch": "^2.6.6",
        "oidc-client-ts": "^2.0.0-rc.1",
        "react": "^17.0.2",
        "tslib": "^2.3.1"
      }
    },
    "@optimizely/commerce": {
      "version": "file:../commerce",
      "requires": {
        "@optimizely/cms": "file:../cms"
      }
    }
  }
}
